
Microsoft Visual Studio Solution File, Format Version 12.00
# Visual Studio Version 17
VisualStudioVersion = 17.3.32825.248
MinimumVisualStudioVersion = 10.0.40219.1
Project("{FAE04EC0-301F-11D3-BF4B-00C04F79EFBC}") = "MvcActionResultApp", "MvcActionResultApp.csproj", "{BBEED56B-B2DE-4376-AC29-DC73F7C77419}"
EndProject
Global
	GlobalSection(SolutionConfigurationPlatforms) = preSolution
		Debug|Any CPU = Debug|Any CPU
		Release|Any CPU = Release|Any CPU
	EndGlobalSection
	GlobalSection(ProjectConfigurationPlatforms) = postSolution
		{BBEED56B-B2DE-4376-AC29-DC73F7C77419}.Debug|Any CPU.ActiveCfg = Debug|Any CPU
		{BBEED56B-B2DE-4376-AC29-DC73F7C77419}.Debug|Any CPU.Build.0 = Debug|Any CPU
		{BBEED56B-B2DE-4376-AC29-DC73F7C77419}.Release|Any CPU.ActiveCfg = Release|Any CPU
		{BBEED56B-B2DE-4376-AC29-DC73F7C77419}.Release|Any CPU.Build.0 = Release|Any CPU
	EndGlobalSection
	GlobalSection(SolutionProperties) = preSolution
		HideSolutionNode = FALSE
	EndGlobalSection
	GlobalSection(ExtensibilityGlobals) = postSolution
		SolutionGuid = {EA97D2D8-84D3-4D25-BEA7-EE94DBAF36FA}
	EndGlobalSection
EndGlobal
